
Microsoft Visual Studio Solution File, Format Version 12.00
# Visual Studio Version 16
VisualStudioVersion = 16.0.31702.278
MinimumVisualStudioVersion = 10.0.40219.1
Project("{9A19103F-16F7-4668-BE54-9A1E7A4F7556}") = "Encapsulation", "Encapsulation\Encapsulation.csproj", "{D0295571-223D-4989-9FB5-9998CC965728}"
EndProject
Project("{9A19103F-16F7-4668-BE54-9A1E7A4F7556}") = "Inheritance", "Inheritance\Inheritance.csproj", "{D0F51A70-1CB5-487A-A8BC-E9A66D4335B9}"
EndProject
Project("{9A19103F-16F7-4668-BE54-9A1E7A4F7556}") = "Constructor_And_Destructor", "Constructor_And_Destructor\Constructor_And_Destructor.csproj", "{95773EA1-CE56-4964-B52C-CBB27716422F}"
EndProject
Project("{FAE04EC0-301F-11D3-BF4B-00C04F79EFBC}") = "Interface", "Interface\Interface.csproj", "{87129470-2932-4BD9-822F-F2DCAB609834}"
EndProject
Project("{FAE04EC0-301F-11D3-BF4B-00C04F79EFBC}") = "Abstraction", "Abstraction\Abstraction.csproj", "{91B4F5A2-3D57-4A95-A1F6-5AF1DD61E7A0}"
EndProject
Global
	GlobalSection(SolutionConfigurationPlatforms) = preSolution
		Debug|Any CPU = Debug|Any CPU
		Release|Any CPU = Release|Any CPU
	EndGlobalSection
	GlobalSection(ProjectConfigurationPlatforms) = postSolution
		{D0295571-223D-4989-9FB5-9998CC965728}.Debug|Any CPU.ActiveCfg = Debug|Any CPU
		{D0295571-223D-4989-9FB5-9998CC965728}.Debug|Any CPU.Build.0 = Debug|Any CPU
		{D0295571-223D-4989-9FB5-9998CC965728}.Release|Any CPU.ActiveCfg = Release|Any CPU
		{D0295571-223D-4989-9FB5-9998CC965728}.Release|Any CPU.Build.0 = Release|Any CPU
		{D0F51A70-1CB5-487A-A8BC-E9A66D4335B9}.Debug|Any CPU.ActiveCfg = Debug|Any CPU
		{D0F51A70-1CB5-487A-A8BC-E9A66D4335B9}.Debug|Any CPU.Build.0 = Debug|Any CPU
		{D0F51A70-1CB5-487A-A8BC-E9A66D4335B9}.Release|Any CPU.ActiveCfg = Release|Any CPU
		{D0F51A70-1CB5-487A-A8BC-E9A66D4335B9}.Release|Any CPU.Build.0 = Release|Any CPU
		{95773EA1-CE56-4964-B52C-CBB27716422F}.Debug|Any CPU.ActiveCfg = Debug|Any CPU
		{95773EA1-CE56-4964-B52C-CBB27716422F}.Debug|Any CPU.Build.0 = Debug|Any CPU
		{95773EA1-CE56-4964-B52C-CBB27716422F}.Release|Any CPU.ActiveCfg = Release|Any CPU
		{95773EA1-CE56-4964-B52C-CBB27716422F}.Release|Any CPU.Build.0 = Release|Any CPU
		{87129470-2932-4BD9-822F-F2DCAB609834}.Debug|Any CPU.ActiveCfg = Debug|Any CPU
		{87129470-2932-4BD9-822F-F2DCAB609834}.Debug|Any CPU.Build.0 = Debug|Any CPU
		{87129470-2932-4BD9-822F-F2DCAB609834}.Release|Any CPU.ActiveCfg = Release|Any CPU
		{87129470-2932-4BD9-822F-F2DCAB609834}.Release|Any CPU.Build.0 = Release|Any CPU
		{91B4F5A2-3D57-4A95-A1F6-5AF1DD61E7A0}.Debug|Any CPU.ActiveCfg = Debug|Any CPU
		{91B4F5A2-3D57-4A95-A1F6-5AF1DD61E7A0}.Debug|Any CPU.Build.0 = Debug|Any CPU
		{91B4F5A2-3D57-4A95-A1F6-5AF1DD61E7A0}.Release|Any CPU.ActiveCfg = Release|Any CPU
		{91B4F5A2-3D57-4A95-A1F6-5AF1DD61E7A0}.Release|Any CPU.Build.0 = Release|Any CPU
	EndGlobalSection
	GlobalSection(SolutionProperties) = preSolution
		HideSolutionNode = FALSE
	EndGlobalSection
	GlobalSection(ExtensibilityGlobals) = postSolution
		SolutionGuid = {50E7F15B-E438-46D6-8B55-52297C5FE1C9}
	EndGlobalSection
EndGlobal
